<Solution>
  <Folder Name="/src/" />
  <Folder Name="/src/API/">
    <Project Path="src/API/Tixora.Bootstrapper/Tixora.Bootstrapper.csproj" />
  </Folder>
  <Folder Name="/src/Modules/" />
  <Folder Name="/src/Modules/Events/">
    <Project Path="src/Modules/Events/Events.Api/Events.Api.csproj" />
    <Project Path="src/Modules/Events/Events.Application/Events.Application.csproj" />
    <Project Path="src/Modules/Events/Events.Domain/Events.Domain.csproj" />
    <Project Path="src/Modules/Events/Events.Infrastructure/Events.Infrastructure.csproj" />
    <Project Path="src/Modules/Events/Events.PublicApi/Events.PublicApi.csproj" />
  </Folder>
  <Folder Name="/src/Modules/Tickets/">
    <Project Path="src/Modules/Tickets/Tickets.Api/Tickets.Api.csproj" />
    <Project Path="src/Modules/Tickets/Tickets.Application/Tickets.Application.csproj" />
    <Project Path="src/Modules/Tickets/Tickets.Domain/Tickets.Domain.csproj" />
    <Project Path="src/Modules/Tickets/Tickets.Infrastructure/Tickets.Infrastructure.csproj" />
    <Project Path="src/Modules/Tickets/Tickets.PublicApi/Tickets.PublicApi.csproj" />
  </Folder>
  <Folder Name="/src/Modules/Users/">
    <Project Path="src/Modules/Users/Users.Api/Users.Api.csproj" />
    <Project Path="src/Modules/Users/Users.Application/Users.Application.csproj" />
    <Project Path="src/Modules/Users/Users.Domain/Users.Domain.csproj" />
    <Project Path="src/Modules/Users/Users.Infrastructure/Users.Infrastructure.csproj" />
  </Folder>
  <Folder Name="/src/Shared/">
    <Project Path="src/Shared/Tixora.Shared.Api/Tixora.Shared.Api.csproj" />
    <Project Path="src/Shared/Tixora.Shared.Application/Tixora.Shared.Application.csproj" />
    <Project Path="src/Shared/Tixora.Shared.Domain/Tixora.Shared.Domain.csproj" />
    <Project Path="src/Shared/Tixora.Shared.Infrastructure/Tixora.Shared.Infrastructure.csproj" />
  </Folder>
</Solution>