<Solution>
  <Folder Name="/src/" />
  <Folder Name="/src/API/">
    <Project Path="src/API/Tixora.Bootstraper/Tixora.Bootstraper.csproj" />
  </Folder>
  <Folder Name="/src/Modules/" />
  <Folder Name="/src/Modules/Events/">
      <Project Path="src/Modules/Events/Events.Api/Events.Api.csproj" />
  </Folder>
</Solution>
